<?xml version="1.0" encoding="utf-8"?>
<Project ToolsVersion="4.0" xmlns="http://schemas.microsoft.com/developer/msbuild/2003">
  <ItemGroup>
    <Filter Include="Header Files">
      <UniqueIdentifier>{b89cd714-3916-437a-8ea3-b70cd5b6cee4}</UniqueIdentifier>
    </Filter>
    <Filter Include="Resource Files">
      <UniqueIdentifier>{442b50fe-9886-409b-81a8-885607192143}</UniqueIdentifier>
    </Filter>
    <Filter Include="Source Files">
      <UniqueIdentifier>{bfed485b-402d-47aa-8e3e-84b4cd556d59}</UniqueIdentifier>
    </Filter>
  </ItemGroup>
  <ItemGroup>
    <ResourceCompile Include="config.rc">
      <Filter>Resource Files</Filter>
    </ResourceCompile>
  </ItemGroup>
  <ItemGroup>
    <None Include="cursor2.cur">
      <Filter>Resource Files</Filter>
    </None>
    <None Include="cursor3.cur">
      <Filter>Resource Files</Filter>
    </None>
    <None Include="huffyuv.def" />
  </ItemGroup>
  <ItemGroup>
    <ClInclude Include="compact.h">
      <Filter>Header Files</Filter>
    </ClInclude>
    <ClInclude Include="convert.h">
      <Filter>Header Files</Filter>
    </ClInclude>
    <ClInclude Include="convert_xvid.h">
      <Filter>Header Files</Filter>
    </ClInclude>
    <ClInclude Include="convert_yv12.h">
      <Filter>Header Files</Filter>
    </ClInclude>
    <ClInclude Include="huffyuv_a.h">
      <Filter>Header Files</Filter>
    </ClInclude>
    <ClInclude Include="interface.h">
      <Filter>Header Files</Filter>
    </ClInclude>
    <ClInclude Include="lagarith.h">
      <Filter>Header Files</Filter>
    </ClInclude>
    <ClInclude Include="prediction.h">
      <Filter>Header Files</Filter>
    </ClInclude>
    <ClInclude Include="resource.h">
      <Filter>Header Files</Filter>
    </ClInclude>
    <ClInclude Include="convert_lagarith.h">
      <Filter>Header Files</Filter>
    </ClInclude>
    <ClInclude Include="Fibonacci.h">
      <Filter>Header Files</Filter>
    </ClInclude>
    <ClInclude Include="threading.h">
      <Filter>Header Files</Filter>
    </ClInclude>
    <ClInclude Include="zerorle.h">
      <Filter>Header Files</Filter>
    </ClInclude>
  </ItemGroup>
  <ItemGroup>
    <ClCompile Include="compact.cpp">
      <Filter>Source Files</Filter>
    </ClCompile>
    <ClCompile Include="zerorle.cpp">
      <Filter>Source Files</Filter>
    </ClCompile>
    <ClCompile Include="compact_old.cpp">
      <Filter>Source Files</Filter>
    </ClCompile>
    <ClCompile Include="compression.cpp">
      <Filter>Source Files</Filter>
    </ClCompile>
    <ClCompile Include="convert_lagarith.cpp">
      <Filter>Source Files</Filter>
    </ClCompile>
    <ClCompile Include="decompression.cpp">
      <Filter>Source Files</Filter>
    </ClCompile>
    <ClCompile Include="drvproc.cpp">
      <Filter>Source Files</Filter>
    </ClCompile>
    <ClCompile Include="fibonacci.cpp">
      <Filter>Source Files</Filter>
    </ClCompile>
    <ClCompile Include="interface.cpp">
      <Filter>Source Files</Filter>
    </ClCompile>
    <ClCompile Include="prediction.cpp">
      <Filter>Source Files</Filter>
    </ClCompile>
    <ClCompile Include="prediction_x86.cpp">
      <Filter>Source Files</Filter>
    </ClCompile>
    <ClCompile Include="range.cpp">
      <Filter>Source Files</Filter>
    </ClCompile>
    <ClCompile Include="threading.cpp">
      <Filter>Source Files</Filter>
    </ClCompile>
  </ItemGroup>
</Project>